// !$*UTF8*$!
{
	archiveVersion = 1;
	classes = {
	};
	objectVersion = 55;
	objects = {

/* Begin PBXBuildFile section */
		22DC997E283654620005E185 /* AppDelegate.swift in Sources */ = {isa = PBXBuildFile; fileRef = 22DC997D283654620005E185 /* AppDelegate.swift */; };
		22DC9980283654620005E185 /* SceneDelegate.swift in Sources */ = {isa = PBXBuildFile; fileRef = 22DC997F283654620005E185 /* SceneDelegate.swift */; };
		22DC9982283654620005E185 /* ViewController.swift in Sources */ = {isa = PBXBuildFile; fileRef = 22DC9981283654620005E185 /* ViewController.swift */; };
		22DC9985283654620005E185 /* Main.storyboard in Resources */ = {isa = PBXBuildFile; fileRef = 22DC9983283654620005E185 /* Main.storyboard */; };
		22DC99872836546C0005E185 /* Assets.xcassets in Resources */ = {isa = PBXBuildFile; fileRef = 22DC99862836546C0005E185 /* Assets.xcassets */; };
		22DC998A2836546C0005E185 /* LaunchScreen.storyboard in Resources */ = {isa = PBXBuildFile; fileRef = 22DC99882836546C0005E185 /* LaunchScreen.storyboard */; };
		22DC99952836546D0005E185 /* GitHubActionPOCTests.swift in Sources */ = {isa = PBXBuildFile; fileRef = 22DC99942836546D0005E185 /* GitHubActionPOCTests.swift */; };
		22DC999F2836546D0005E185 /* GitHubActionPOCUITests.swift in Sources */ = {isa = PBXBuildFile; fileRef = 22DC999E2836546D0005E185 /* GitHubActionPOCUITests.swift */; };
		22DC99A12836546D0005E185 /* GitHubActionPOCUITestsLaunchTests.swift in Sources */ = {isa = PBXBuildFile; fileRef = 22DC99A02836546D0005E185 /* GitHubActionPOCUITestsLaunchTests.swift */; };
/* End PBXBuildFile section */

/* Begin PBXContainerItemProxy section */
		22DC99912836546D0005E185 /* PBXContainerItemProxy */ = {
			isa = PBXContainerItemProxy;
			containerPortal = 22DC9972283654610005E185 /* Project object */;
			proxyType = 1;
			remoteGlobalIDString = 22DC9979283654620005E185;
			remoteInfo = GitHubActionPOC;
		};
		22DC999B2836546D0005E185 /* PBXContainerItemProxy */ = {
			isa = PBXContainerItemProxy;
			containerPortal = 22DC9972283654610005E185 /* Project object */;
			proxyType = 1;
			remoteGlobalIDString = 22DC9979283654620005E185;
			remoteInfo = GitHubActionPOC;
		};
/* End PBXContainerItemProxy section */

/* Begin PBXFileReference section */
		22DC997A283654620005E185 /* GitHubActionPOC.app */ = {isa = PBXFileReference; explicitFileType = wrapper.application; includeInIndex = 0; path = GitHubActionPOC.app; sourceTree = BUILT_PRODUCTS_DIR; };
		22DC997D283654620005E185 /* AppDelegate.swift */ = {isa = PBXFileReference; lastKnownFileType = sourcecode.swift; path = AppDelegate.swift; sourceTree = "<group>"; };
		22DC997F283654620005E185 /* SceneDelegate.swift */ = {isa = PBXFileReference; lastKnownFileType = sourcecode.swift; path = SceneDelegate.swift; sourceTree = "<group>"; };
		22DC9981283654620005E185 /* ViewController.swift */ = {isa = PBXFileReference; lastKnownFileType = sourcecode.swift; path = ViewController.swift; sourceTree = "<group>"; };
		22DC9984283654620005E185 /* Base */ = {isa = PBXFileReference; lastKnownFileType = file.storyboard; name = Base; path = Base.lproj/Main.storyboard; sourceTree = "<group>"; };
		22DC99862836546C0005E185 /* Assets.xcassets */ = {isa = PBXFileReference; lastKnownFileType = folder.assetcatalog; path = Assets.xcassets; sourceTree = "<group>"; };
		22DC99892836546C0005E185 /* Base */ = {isa = PBXFileReference; lastKnownFileType = file.storyboard; name = Base; path = Base.lproj/LaunchScreen.storyboard; sourceTree = "<group>"; };
		22DC998B2836546D0005E185 /* Info.plist */ = {isa = PBXFileReference; lastKnownFileType = text.plist.xml; path = Info.plist; sourceTree = "<group>"; };
		22DC99902836546D0005E185 /* GitHubActionPOCTests.xctest */ = {isa = PBXFileReference; explicitFileType = wrapper.cfbundle; includeInIndex = 0; path = GitHubActionPOCTests.xctest; sourceTree = BUILT_PRODUCTS_DIR; };
		22DC99942836546D0005E185 /* GitHubActionPOCTests.swift */ = {isa = PBXFileReference; lastKnownFileType = sourcecode.swift; path = GitHubActionPOCTests.swift; sourceTree = "<group>"; };
		22DC999A2836546D0005E185 /* GitHubActionPOCUITests.xctest */ = {isa = PBXFileReference; explicitFileType = wrapper.cfbundle; includeInIndex = 0; path = GitHubActionPOCUITests.xctest; sourceTree = BUILT_PRODUCTS_DIR; };
		22DC999E2836546D0005E185 /* GitHubActionPOCUITests.swift */ = {isa = PBXFileReference; lastKnownFileType = sourcecode.swift; path = GitHubActionPOCUITests.swift; sourceTree = "<group>"; };
		22DC99A02836546D0005E185 /* GitHubActionPOCUITestsLaunchTests.swift */ = {isa = PBXFileReference; lastKnownFileType = sourcecode.swift; path = GitHubActionPOCUITestsLaunchTests.swift; sourceTree = "<group>"; };
/* End PBXFileReference section */

/* Begin PBXFrameworksBuildPhase section */
		22DC9977283654620005E185 /* Frameworks */ = {
			isa = PBXFrameworksBuildPhase;
			buildActionMask = 2147483647;
			files = (
			);
			runOnlyForDeploymentPostprocessing = 0;
		};
		22DC998D2836546D0005E185 /* Frameworks */ = {
			isa = PBXFrameworksBuildPhase;
			buildActionMask = 2147483647;
			files = (
			);
			runOnlyForDeploymentPostprocessing = 0;
		};
		22DC99972836546D0005E185 /* Frameworks */ = {
			isa = PBXFrameworksBuildPhase;
			buildActionMask = 2147483647;
			files = (
			);
			runOnlyForDeploymentPostprocessing = 0;
		};
/* End PBXFrameworksBuildPhase section */

/* Begin PBXGroup section */
		22DC9971283654610005E185 = {
			isa = PBXGroup;
			children = (
				22DC997C283654620005E185 /* GitHubActionPOC */,
				22DC99932836546D0005E185 /* GitHubActionPOCTests */,
				22DC999D2836546D0005E185 /* GitHubActionPOCUITests */,
				22DC997B283654620005E185 /* Products */,
			);
			sourceTree = "<group>";
		};
		22DC997B283654620005E185 /* Products */ = {
			isa = PBXGroup;
			children = (
				22DC997A283654620005E185 /* GitHubActionPOC.app */,
				22DC99902836546D0005E185 /* GitHubActionPOCTests.xctest */,
				22DC999A2836546D0005E185 /* GitHubActionPOCUITests.xctest */,
			);
			name = Products;
			sourceTree = "<group>";
		};
		22DC997C283654620005E185 /* GitHubActionPOC */ = {
			isa = PBXGroup;
			children = (
				22DC997D283654620005E185 /* AppDelegate.swift */,
				22DC997F283654620005E185 /* SceneDelegate.swift */,
				22DC9981283654620005E185 /* ViewController.swift */,
				22DC9983283654620005E185 /* Main.storyboard */,
				22DC99862836546C0005E185 /* Assets.xcassets */,
				22DC99882836546C0005E185 /* LaunchScreen.storyboard */,
				22DC998B2836546D0005E185 /* Info.plist */,
			);
			path = GitHubActionPOC;
			sourceTree = "<group>";
		};
		22DC99932836546D0005E185 /* GitHubActionPOCTests */ = {
			isa = PBXGroup;
			children = (
				22DC99942836546D0005E185 /* GitHubActionPOCTests.swift */,
			);
			path = GitHubActionPOCTests;
			sourceTree = "<group>";
		};
		22DC999D2836546D0005E185 /* GitHubActionPOCUITests */ = {
			isa = PBXGroup;
			children = (
				22DC999E2836546D0005E185 /* GitHubActionPOCUITests.swift */,
				22DC99A02836546D0005E185 /* GitHubActionPOCUITestsLaunchTests.swift */,
			);
			path = GitHubActionPOCUITests;
			sourceTree = "<group>";
		};
/* End PBXGroup section */

/* Begin PBXNativeTarget section */
		22DC9979283654620005E185 /* GitHubActionPOC */ = {
			isa = PBXNativeTarget;
			buildConfigurationList = 22DC99A42836546D0005E185 /* Build configuration list for PBXNativeTarget "GitHubActionPOC" */;
			buildPhases = (
				22DC9976283654620005E185 /* Sources */,
				22DC9977283654620005E185 /* Frameworks */,
				22DC9978283654620005E185 /* Resources */,
			);
			buildRules = (
			);
			dependencies = (
			);
			name = GitHubActionPOC;
			productName = GitHubActionPOC;
			productReference = 22DC997A283654620005E185 /* GitHubActionPOC.app */;
			productType = "com.apple.product-type.application";
		};
		22DC998F2836546D0005E185 /* GitHubActionPOCTests */ = {
			isa = PBXNativeTarget;
			buildConfigurationList = 22DC99A72836546D0005E185 /* Build configuration list for PBXNativeTarget "GitHubActionPOCTests" */;
			buildPhases = (
				22DC998C2836546D0005E185 /* Sources */,
				22DC998D2836546D0005E185 /* Frameworks */,
				22DC998E2836546D0005E185 /* Resources */,
			);
			buildRules = (
			);
			dependencies = (
				22DC99922836546D0005E185 /* PBXTargetDependency */,
			);
			name = GitHubActionPOCTests;
			productName = GitHubActionPOCTests;
			productReference = 22DC99902836546D0005E185 /* GitHubActionPOCTests.xctest */;
			productType = "com.apple.product-type.bundle.unit-test";
		};
		22DC99992836546D0005E185 /* GitHubActionPOCUITests */ = {
			isa = PBXNativeTarget;
			buildConfigurationList = 22DC99AA2836546D0005E185 /* Build configuration list for PBXNativeTarget "GitHubActionPOCUITests" */;
			buildPhases = (
				22DC99962836546D0005E185 /* Sources */,
				22DC99972836546D0005E185 /* Frameworks */,
				22DC99982836546D0005E185 /* Resources */,
			);
			buildRules = (
			);
			dependencies = (
				22DC999C2836546D0005E185 /* PBXTargetDependency */,
			);
			name = GitHubActionPOCUITests;
			productName = GitHubActionPOCUITests;
			productReference = 22DC999A2836546D0005E185 /* GitHubActionPOCUITests.xctest */;
			productType = "com.apple.product-type.bundle.ui-testing";
		};
/* End PBXNativeTarget section */

/* Begin PBXProject section */
		22DC9972283654610005E185 /* Project object */ = {
			isa = PBXProject;
			attributes = {
				BuildIndependentTargetsInParallel = 1;
				LastSwiftUpdateCheck = 1330;
				LastUpgradeCheck = 1330;
				TargetAttributes = {
					22DC9979283654620005E185 = {
						CreatedOnToolsVersion = 13.3.1;
					};
					22DC998F2836546D0005E185 = {
						CreatedOnToolsVersion = 13.3.1;
						TestTargetID = 22DC9979283654620005E185;
					};
					22DC99992836546D0005E185 = {
						CreatedOnToolsVersion = 13.3.1;
						TestTargetID = 22DC9979283654620005E185;
					};
				};
			};
			buildConfigurationList = 22DC9975283654610005E185 /* Build configuration list for PBXProject "GitHubActionPOC" */;
			compatibilityVersion = "Xcode 13.0";
			developmentRegion = en;
			hasScannedForEncodings = 0;
			knownRegions = (
				en,
				Base,
			);
			mainGroup = 22DC9971283654610005E185;
			productRefGroup = 22DC997B283654620005E185 /* Products */;
			projectDirPath = "";
			projectRoot = "";
			targets = (
				22DC9979283654620005E185 /* GitHubActionPOC */,
				22DC998F2836546D0005E185 /* GitHubActionPOCTests */,
				22DC99992836546D0005E185 /* GitHubActionPOCUITests */,
			);
		};
/* End PBXProject section */

/* Begin PBXResourcesBuildPhase section */
		22DC9978283654620005E185 /* Resources */ = {
			isa = PBXResourcesBuildPhase;
			buildActionMask = 2147483647;
			files = (
				22DC998A2836546C0005E185 /* LaunchScreen.storyboard in Resources */,
				22DC99872836546C0005E185 /* Assets.xcassets in Resources */,
				22DC9985283654620005E185 /* Main.storyboard in Resources */,
			);
			runOnlyForDeploymentPostprocessing = 0;
		};
		22DC998E2836546D0005E185 /* Resources */ = {
			isa = PBXResourcesBuildPhase;
			buildActionMask = 2147483647;
			files = (
			);
			runOnlyForDeploymentPostprocessing = 0;
		};
		22DC99982836546D0005E185 /* Resources */ = {
			isa = PBXResourcesBuildPhase;
			buildActionMask = 2147483647;
			files = (
			);
			runOnlyForDeploymentPostprocessing = 0;
		};
/* End PBXResourcesBuildPhase section */

/* Begin PBXSourcesBuildPhase section */
		22DC9976283654620005E185 /* Sources */ = {
			isa = PBXSourcesBuildPhase;
			buildActionMask = 2147483647;
			files = (
				22DC9982283654620005E185 /* ViewController.swift in Sources */,
				22DC997E283654620005E185 /* AppDelegate.swift in Sources */,
				22DC9980283654620005E185 /* SceneDelegate.swift in Sources */,
			);
			runOnlyForDeploymentPostprocessing = 0;
		};
		22DC998C2836546D0005E185 /* Sources */ = {
			isa = PBXSourcesBuildPhase;
			buildActionMask = 2147483647;
			files = (
				22DC99952836546D0005E185 /* GitHubActionPOCTests.swift in Sources */,
			);
			runOnlyForDeploymentPostprocessing = 0;
		};
		22DC99962836546D0005E185 /* Sources */ = {
			isa = PBXSourcesBuildPhase;
			buildActionMask = 2147483647;
			files = (
				22DC99A12836546D0005E185 /* GitHubActionPOCUITestsLaunchTests.swift in Sources */,
				22DC999F2836546D0005E185 /* GitHubActionPOCUITests.swift in Sources */,
			);
			runOnlyForDeploymentPostprocessing = 0;
		};
/* End PBXSourcesBuildPhase section */

/* Begin PBXTargetDependency section */
		22DC99922836546D0005E185 /* PBXTargetDependency */ = {
			isa = PBXTargetDependency;
			target = 22DC9979283654620005E185 /* GitHubActionPOC */;
			targetProxy = 22DC99912836546D0005E185 /* PBXContainerItemProxy */;
		};
		22DC999C2836546D0005E185 /* PBXTargetDependency */ = {
			isa = PBXTargetDependency;
			target = 22DC9979283654620005E185 /* GitHubActionPOC */;
			targetProxy = 22DC999B2836546D0005E185 /* PBXContainerItemProxy */;
		};
/* End PBXTargetDependency section */

/* Begin PBXVariantGroup section */
		22DC9983283654620005E185 /* Main.storyboard */ = {
			isa = PBXVariantGroup;
			children = (
				22DC9984283654620005E185 /* Base */,
			);
			name = Main.storyboard;
			sourceTree = "<group>";
		};
		22DC99882836546C0005E185 /* LaunchScreen.storyboard */ = {
			isa = PBXVariantGroup;
			children = (
				22DC99892836546C0005E185 /* Base */,
			);
			name = LaunchScreen.storyboard;
			sourceTree = "<group>";
		};
/* End PBXVariantGroup section */

/* Begin XCBuildConfiguration section */
		22DC99A22836546D0005E185 /* Debug */ = {
			isa = XCBuildConfiguration;
			buildSettings = {
				ALWAYS_SEARCH_USER_PATHS = NO;
				CLANG_ANALYZER_NONNULL = YES;
				CLANG_ANALYZER_NUMBER_OBJECT_CONVERSION = YES_AGGRESSIVE;
				CLANG_CXX_LANGUAGE_STANDARD = "gnu++17";
				CLANG_ENABLE_MODULES = YES;
				CLANG_ENABLE_OBJC_ARC = YES;
				CLANG_ENABLE_OBJC_WEAK = YES;
				CLANG_WARN_BLOCK_CAPTURE_AUTORELEASING = YES;
				CLANG_WARN_BOOL_CONVERSION = YES;
				CLANG_WARN_COMMA = YES;
				CLANG_WARN_CONSTANT_CONVERSION = YES;
				CLANG_WARN_DEPRECATED_OBJC_IMPLEMENTATIONS = YES;
				CLANG_WARN_DIRECT_OBJC_ISA_USAGE = YES_ERROR;
				CLANG_WARN_DOCUMENTATION_COMMENTS = YES;
				CLANG_WARN_EMPTY_BODY = YES;
				CLANG_WARN_ENUM_CONVERSION = YES;
				CLANG_WARN_INFINITE_RECURSION = YES;
				CLANG_WARN_INT_CONVERSION = YES;
				CLANG_WARN_NON_LITERAL_NULL_CONVERSION = YES;
				CLANG_WARN_OBJC_IMPLICIT_RETAIN_SELF = YES;
				CLANG_WARN_OBJC_LITERAL_CONVERSION = YES;
				CLANG_WARN_OBJC_ROOT_CLASS = YES_ERROR;
				CLANG_WARN_QUOTED_INCLUDE_IN_FRAMEWORK_HEADER = YES;
				CLANG_WARN_RANGE_LOOP_ANALYSIS = YES;
				CLANG_WARN_STRICT_PROTOTYPES = YES;
				CLANG_WARN_SUSPICIOUS_MOVE = YES;
				CLANG_WARN_UNGUARDED_AVAILABILITY = YES_AGGRESSIVE;
				CLANG_WARN_UNREACHABLE_CODE = YES;
				CLANG_WARN__DUPLICATE_METHOD_MATCH = YES;
				COPY_PHASE_STRIP = NO;
				DEBUG_INFORMATION_FORMAT = dwarf;
				ENABLE_STRICT_OBJC_MSGSEND = YES;
				ENABLE_TESTABILITY = YES;
				GCC_C_LANGUAGE_STANDARD = gnu11;
				GCC_DYNAMIC_NO_PIC = NO;
				GCC_NO_COMMON_BLOCKS = YES;
				GCC_OPTIMIZATION_LEVEL = 0;
				GCC_PREPROCESSOR_DEFINITIONS = (
					"DEBUG=1",
					"$(inherited)",
				);
				GCC_WARN_64_TO_32_BIT_CONVERSION = YES;
				GCC_WARN_ABOUT_RETURN_TYPE = YES_ERROR;
				GCC_WARN_UNDECLARED_SELECTOR = YES;
				GCC_WARN_UNINITIALIZED_AUTOS = YES_AGGRESSIVE;
				GCC_WARN_UNUSED_FUNCTION = YES;
				GCC_WARN_UNUSED_VARIABLE = YES;
				IPHONEOS_DEPLOYMENT_TARGET = 15.4;
				MTL_ENABLE_DEBUG_INFO = INCLUDE_SOURCE;
				MTL_FAST_MATH = YES;
				ONLY_ACTIVE_ARCH = YES;
				SDKROOT = iphoneos;
				SWIFT_ACTIVE_COMPILATION_CONDITIONS = DEBUG;
				SWIFT_OPTIMIZATION_LEVEL = "-Onone";
			};
			name = Debug;
		};
		22DC99A32836546D0005E185 /* Release */ = {
			isa = XCBuildConfiguration;
			buildSettings = {
				ALWAYS_SEARCH_USER_PATHS = NO;
				CLANG_ANALYZER_NONNULL = YES;
				CLANG_ANALYZER_NUMBER_OBJECT_CONVERSION = YES_AGGRESSIVE;
				CLANG_CXX_LANGUAGE_STANDARD = "gnu++17";
				CLANG_ENABLE_MODULES = YES;
				CLANG_ENABLE_OBJC_ARC = YES;
				CLANG_ENABLE_OBJC_WEAK = YES;
				CLANG_WARN_BLOCK_CAPTURE_AUTORELEASING = YES;
				CLANG_WARN_BOOL_CONVERSION = YES;
				CLANG_WARN_COMMA = YES;
				CLANG_WARN_CONSTANT_CONVERSION = YES;
				CLANG_WARN_DEPRECATED_OBJC_IMPLEMENTATIONS = YES;
				CLANG_WARN_DIRECT_OBJC_ISA_USAGE = YES_ERROR;
				CLANG_WARN_DOCUMENTATION_COMMENTS = YES;
				CLANG_WARN_EMPTY_BODY = YES;
				CLANG_WARN_ENUM_CONVERSION = YES;
				CLANG_WARN_INFINITE_RECURSION = YES;
				CLANG_WARN_INT_CONVERSION = YES;
				CLANG_WARN_NON_LITERAL_NULL_CONVERSION = YES;
				CLANG_WARN_OBJC_IMPLICIT_RETAIN_SELF = YES;
				CLANG_WARN_OBJC_LITERAL_CONVERSION = YES;
				CLANG_WARN_OBJC_ROOT_CLASS = YES_ERROR;
				CLANG_WARN_QUOTED_INCLUDE_IN_FRAMEWORK_HEADER = YES;
				CLANG_WARN_RANGE_LOOP_ANALYSIS = YES;
				CLANG_WARN_STRICT_PROTOTYPES = YES;
				CLANG_WARN_SUSPICIOUS_MOVE = YES;
				CLANG_WARN_UNGUARDED_AVAILABILITY = YES_AGGRESSIVE;
				CLANG_WARN_UNREACHABLE_CODE = YES;
				CLANG_WARN__DUPLICATE_METHOD_MATCH = YES;
				COPY_PHASE_STRIP = NO;
				DEBUG_INFORMATION_FORMAT = "dwarf-with-dsym";
				ENABLE_NS_ASSERTIONS = NO;
				ENABLE_STRICT_OBJC_MSGSEND = YES;
				GCC_C_LANGUAGE_STANDARD = gnu11;
				GCC_NO_COMMON_BLOCKS = YES;
				GCC_WARN_64_TO_32_BIT_CONVERSION = YES;
				GCC_WARN_ABOUT_RETURN_TYPE = YES_ERROR;
				GCC_WARN_UNDECLARED_SELECTOR = YES;
				GCC_WARN_UNINITIALIZED_AUTOS = YES_AGGRESSIVE;
				GCC_WARN_UNUSED_FUNCTION = YES;
				GCC_WARN_UNUSED_VARIABLE = YES;
				IPHONEOS_DEPLOYMENT_TARGET = 15.4;
				MTL_ENABLE_DEBUG_INFO = NO;
				MTL_FAST_MATH = YES;
				SDKROOT = iphoneos;
				SWIFT_COMPILATION_MODE = wholemodule;
				SWIFT_OPTIMIZATION_LEVEL = "-O";
				VALIDATE_PRODUCT = YES;
			};
			name = Release;
		};
		22DC99A52836546D0005E185 /* Debug */ = {
			isa = XCBuildConfiguration;
			buildSettings = {
				ASSETCATALOG_COMPILER_APPICON_NAME = AppIcon;
				ASSETCATALOG_COMPILER_GLOBAL_ACCENT_COLOR_NAME = AccentColor;
				CODE_SIGN_STYLE = Automatic;
				CURRENT_PROJECT_VERSION = 1;
				GENERATE_INFOPLIST_FILE = YES;
				INFOPLIST_FILE = GitHubActionPOC/Info.plist;
				INFOPLIST_KEY_UIApplicationSupportsIndirectInputEvents = YES;
				INFOPLIST_KEY_UILaunchStoryboardName = LaunchScreen;
				INFOPLIST_KEY_UIMainStoryboardFile = Main;
				INFOPLIST_KEY_UISupportedInterfaceOrientations_iPad = "UIInterfaceOrientationPortrait UIInterfaceOrientationPortraitUpsideDown UIInterfaceOrientationLandscapeLeft UIInterfaceOrientationLandscapeRight";
				INFOPLIST_KEY_UISupportedInterfaceOrientations_iPhone = "UIInterfaceOrientationPortrait UIInterfaceOrientationLandscapeLeft UIInterfaceOrientationLandscapeRight";
				LD_RUNPATH_SEARCH_PATHS = (
					"$(inherited)",
					"@executable_path/Frameworks",
				);
				MARKETING_VERSION = 1.0;
				PRODUCT_BUNDLE_IDENTIFIER = com.demoapp.GitHubActionPOC;
				PRODUCT_NAME = "$(TARGET_NAME)";
				SWIFT_EMIT_LOC_STRINGS = YES;
				SWIFT_VERSION = 5.0;
				TARGETED_DEVICE_FAMILY = "1,2";
			};
			name = Debug;
		};
		22DC99A62836546D0005E185 /* Release */ = {
			isa = XCBuildConfiguration;
			buildSettings = {
				ASSETCATALOG_COMPILER_APPICON_NAME = AppIcon;
				ASSETCATALOG_COMPILER_GLOBAL_ACCENT_COLOR_NAME = AccentColor;
				CODE_SIGN_STYLE = Automatic;
				CURRENT_PROJECT_VERSION = 1;
				GENERATE_INFOPLIST_FILE = YES;
				INFOPLIST_FILE = GitHubActionPOC/Info.plist;
				INFOPLIST_KEY_UIApplicationSupportsIndirectInputEvents = YES;
				INFOPLIST_KEY_UILaunchStoryboardName = LaunchScreen;
				INFOPLIST_KEY_UIMainStoryboardFile = Main;
				INFOPLIST_KEY_UISupportedInterfaceOrientations_iPad = "UIInterfaceOrientationPortrait UIInterfaceOrientationPortraitUpsideDown UIInterfaceOrientationLandscapeLeft UIInterfaceOrientationLandscapeRight";
				INFOPLIST_KEY_UISupportedInterfaceOrientations_iPhone = "UIInterfaceOrientationPortrait UIInterfaceOrientationLandscapeLeft UIInterfaceOrientationLandscapeRight";
				LD_RUNPATH_SEARCH_PATHS = (
					"$(inherited)",
					"@executable_path/Frameworks",
				);
				MARKETING_VERSION = 1.0;
				PRODUCT_BUNDLE_IDENTIFIER = com.demoapp.GitHubActionPOC;
				PRODUCT_NAME = "$(TARGET_NAME)";
				SWIFT_EMIT_LOC_STRINGS = YES;
				SWIFT_VERSION = 5.0;
				TARGETED_DEVICE_FAMILY = "1,2";
			};
			name = Release;
		};
		22DC99A82836546D0005E185 /* Debug */ = {
			isa = XCBuildConfiguration;
			buildSettings = {
				ALWAYS_EMBED_SWIFT_STANDARD_LIBRARIES = YES;
				BUNDLE_LOADER = "$(TEST_HOST)";
				CODE_SIGN_STYLE = Automatic;
				CURRENT_PROJECT_VERSION = 1;
				GENERATE_INFOPLIST_FILE = YES;
				IPHONEOS_DEPLOYMENT_TARGET = 15.4;
				MARKETING_VERSION = 1.0;
				PRODUCT_BUNDLE_IDENTIFIER = com.demoapp.GitHubActionPOCTests;
				PRODUCT_NAME = "$(TARGET_NAME)";
				SWIFT_EMIT_LOC_STRINGS = NO;
				SWIFT_VERSION = 5.0;
				TARGETED_DEVICE_FAMILY = "1,2";
				TEST_HOST = "$(BUILT_PRODUCTS_DIR)/GitHubActionPOC.app/GitHubActionPOC";
			};
			name = Debug;
		};
		22DC99A92836546D0005E185 /* Release */ = {
			isa = XCBuildConfiguration;
			buildSettings = {
				ALWAYS_EMBED_SWIFT_STANDARD_LIBRARIES = YES;
				BUNDLE_LOADER = "$(TEST_HOST)";
				CODE_SIGN_STYLE = Automatic;
				CURRENT_PROJECT_VERSION = 1;
				GENERATE_INFOPLIST_FILE = YES;
				IPHONEOS_DEPLOYMENT_TARGET = 15.4;
				MARKETING_VERSION = 1.0;
				PRODUCT_BUNDLE_IDENTIFIER = com.demoapp.GitHubActionPOCTests;
				PRODUCT_NAME = "$(TARGET_NAME)";
				SWIFT_EMIT_LOC_STRINGS = NO;
				SWIFT_VERSION = 5.0;
				TARGETED_DEVICE_FAMILY = "1,2";
				TEST_HOST = "$(BUILT_PRODUCTS_DIR)/GitHubActionPOC.app/GitHubActionPOC";
			};
			name = Release;
		};
		22DC99AB2836546D0005E185 /* Debug */ = {
			isa = XCBuildConfiguration;
			buildSettings = {
				ALWAYS_EMBED_SWIFT_STANDARD_LIBRARIES = YES;
				CODE_SIGN_STYLE = Automatic;
				CURRENT_PROJECT_VERSION = 1;
				GENERATE_INFOPLIST_FILE = YES;
				MARKETING_VERSION = 1.0;
				PRODUCT_BUNDLE_IDENTIFIER = com.demoapp.GitHubActionPOCUITests;
				PRODUCT_NAME = "$(TARGET_NAME)";
				SWIFT_EMIT_LOC_STRINGS = NO;
				SWIFT_VERSION = 5.0;
				TARGETED_DEVICE_FAMILY = "1,2";
				TEST_TARGET_NAME = GitHubActionPOC;
			};
			name = Debug;
		};
		22DC99AC2836546D0005E185 /* Release */ = {
			isa = XCBuildConfiguration;
			buildSettings = {
				ALWAYS_EMBED_SWIFT_STANDARD_LIBRARIES = YES;
				CODE_SIGN_STYLE = Automatic;
				CURRENT_PROJECT_VERSION = 1;
				GENERATE_INFOPLIST_FILE = YES;
				MARKETING_VERSION = 1.0;
				PRODUCT_BUNDLE_IDENTIFIER = com.demoapp.GitHubActionPOCUITests;
				PRODUCT_NAME = "$(TARGET_NAME)";
				SWIFT_EMIT_LOC_STRINGS = NO;
				SWIFT_VERSION = 5.0;
				TARGETED_DEVICE_FAMILY = "1,2";
				TEST_TARGET_NAME = GitHubActionPOC;
			};
			name = Release;
		};
/* End XCBuildConfiguration section */

/* Begin XCConfigurationList section */
		22DC9975283654610005E185 /* Build configuration list for PBXProject "GitHubActionPOC" */ = {
			isa = XCConfigurationList;
			buildConfigurations = (
				22DC99A22836546D0005E185 /* Debug */,
				22DC99A32836546D0005E185 /* Release */,
			);
			defaultConfigurationIsVisible = 0;
			defaultConfigurationName = Release;
		};
		22DC99A42836546D0005E185 /* Build configuration list for PBXNativeTarget "GitHubActionPOC" */ = {
			isa = XCConfigurationList;
			buildConfigurations = (
				22DC99A52836546D0005E185 /* Debug */,
				22DC99A62836546D0005E185 /* Release */,
			);
			defaultConfigurationIsVisible = 0;
			defaultConfigurationName = Release;
		};
		22DC99A72836546D0005E185 /* Build configuration list for PBXNativeTarget "GitHubActionPOCTests" */ = {
			isa = XCConfigurationList;
			buildConfigurations = (
				22DC99A82836546D0005E185 /* Debug */,
				22DC99A92836546D0005E185 /* Release */,
			);
			defaultConfigurationIsVisible = 0;
			defaultConfigurationName = Release;
		};
		22DC99AA2836546D0005E185 /* Build configuration list for PBXNativeTarget "GitHubActionPOCUITests" */ = {
			isa = XCConfigurationList;
			buildConfigurations = (
				22DC99AB2836546D0005E185 /* Debug */,
				22DC99AC2836546D0005E185 /* Release */,
			);
			defaultConfigurationIsVisible = 0;
			defaultConfigurationName = Release;
		};
/* End XCConfigurationList section */
	};
	rootObject = 22DC9972283654610005E185 /* Project object */;
}
